
Microsoft Visual Studio Solution File, Format Version 12.00
# Visual Studio Version 17
VisualStudioVersion = 17.2.32526.322
MinimumVisualStudioVersion = 10.0.40219.1
Project("{8BC9CEB8-8B4A-11D0-8D11-00A0C91BC942}") = "Project2", "Project2.vcxproj", "{D11A688F-BE35-4EB8-BB78-F17246F82E17}"
EndProject
Global
	GlobalSection(SolutionConfigurationPlatforms) = preSolution
		Debug|x64 = Debug|x64
		Debug|x86 = Debug|x86
		Release|x64 = Release|x64
		Release|x86 = Release|x86
	EndGlobalSection
	GlobalSection(ProjectConfigurationPlatforms) = postSolution
		{D11A688F-BE35-4EB8-BB78-F17246F82E17}.Debug|x64.ActiveCfg = Debug|x64
		{D11A688F-BE35-4EB8-BB78-F17246F82E17}.Debug|x64.Build.0 = Debug|x64
		{D11A688F-BE35-4EB8-BB78-F17246F82E17}.Debug|x86.ActiveCfg = Debug|Win32
		{D11A688F-BE35-4EB8-BB78-F17246F82E17}.Debug|x86.Build.0 = Debug|Win32
		{D11A688F-BE35-4EB8-BB78-F17246F82E17}.Release|x64.ActiveCfg = Release|x64
		{D11A688F-BE35-4EB8-BB78-F17246F82E17}.Release|x64.Build.0 = Release|x64
		{D11A688F-BE35-4EB8-BB78-F17246F82E17}.Release|x86.ActiveCfg = Release|Win32
		{D11A688F-BE35-4EB8-BB78-F17246F82E17}.Release|x86.Build.0 = Release|Win32
	EndGlobalSection
	GlobalSection(SolutionProperties) = preSolution
		HideSolutionNode = FALSE
	EndGlobalSection
	GlobalSection(ExtensibilityGlobals) = postSolution
		SolutionGuid = {1F6E6490-F976-40FB-A8FC-0498190D3AAF}
	EndGlobalSection
EndGlobal
